
Microsoft Visual Studio Solution File, Format Version 12.00
# Visual Studio 15
VisualStudioVersion = 15.0.26228.9
MinimumVisualStudioVersion = 10.0.40219.1
Project("{FAE04EC0-301F-11D3-BF4B-00C04F79EFBC}") = "ProjectOxford ASP.NET Sample", "ProjectOxford ASP.NET Sample\ProjectOxford ASP.NET Sample.csproj", "{15876E7B-3E7A-416E-B4B0-5B7D13819205}"
EndProject
Global
	GlobalSection(SolutionConfigurationPlatforms) = preSolution
		Debug|Any CPU = Debug|Any CPU
		Release|Any CPU = Release|Any CPU
	EndGlobalSection
	GlobalSection(ProjectConfigurationPlatforms) = postSolution
		{15876E7B-3E7A-416E-B4B0-5B7D13819205}.Debug|Any CPU.ActiveCfg = Debug|Any CPU
		{15876E7B-3E7A-416E-B4B0-5B7D13819205}.Debug|Any CPU.Build.0 = Debug|Any CPU
		{15876E7B-3E7A-416E-B4B0-5B7D13819205}.Release|Any CPU.ActiveCfg = Release|Any CPU
		{15876E7B-3E7A-416E-B4B0-5B7D13819205}.Release|Any CPU.Build.0 = Release|Any CPU
	EndGlobalSection
	GlobalSection(SolutionProperties) = preSolution
		HideSolutionNode = FALSE
	EndGlobalSection
EndGlobal
